
Microsoft Visual Studio Solution File, Format Version 12.00
# Visual Studio Version 16
VisualStudioVersion = 16.0.32510.428
MinimumVisualStudioVersion = 10.0.40219.1
Project("{9A19103F-16F7-4668-BE54-9A1E7A4F7556}") = "Delivery.Service", "Delivery.Service\Delivery.Service.csproj", "{A5776146-D93B-453D-9215-675E01C87139}"
EndProject
Project("{9A19103F-16F7-4668-BE54-9A1E7A4F7556}") = "Delivery.Repository", "Delivery.Repo\Delivery.Repository.csproj", "{2EB62CA4-D946-4BF8-AEE8-29C034B7130B}"
EndProject
Project("{9A19103F-16F7-4668-BE54-9A1E7A4F7556}") = "Delivery.Entity", "Entity\Delivery.Entity.csproj", "{AA3ED4CA-43DC-4833-86B0-474C769F41EC}"
EndProject
Project("{9A19103F-16F7-4668-BE54-9A1E7A4F7556}") = "Delivery.Contracts", "Delivery.Contracts\Delivery.Contracts.csproj", "{343ED491-E2FD-4D14-ACE8-1A0B56F9317A}"
EndProject
Project("{FAE04EC0-301F-11D3-BF4B-00C04F79EFBC}") = "Delivery.Services", "Delivery.Services\Delivery.Services.csproj", "{6227E13C-0184-4F6C-9FEE-292F53D0BDC5}"
EndProject
Global
	GlobalSection(SolutionConfigurationPlatforms) = preSolution
		Debug|Any CPU = Debug|Any CPU
		Release|Any CPU = Release|Any CPU
	EndGlobalSection
	GlobalSection(ProjectConfigurationPlatforms) = postSolution
		{A5776146-D93B-453D-9215-675E01C87139}.Debug|Any CPU.ActiveCfg = Debug|Any CPU
		{A5776146-D93B-453D-9215-675E01C87139}.Debug|Any CPU.Build.0 = Debug|Any CPU
		{A5776146-D93B-453D-9215-675E01C87139}.Release|Any CPU.ActiveCfg = Release|Any CPU
		{A5776146-D93B-453D-9215-675E01C87139}.Release|Any CPU.Build.0 = Release|Any CPU
		{2EB62CA4-D946-4BF8-AEE8-29C034B7130B}.Debug|Any CPU.ActiveCfg = Debug|Any CPU
		{2EB62CA4-D946-4BF8-AEE8-29C034B7130B}.Debug|Any CPU.Build.0 = Debug|Any CPU
		{2EB62CA4-D946-4BF8-AEE8-29C034B7130B}.Release|Any CPU.ActiveCfg = Release|Any CPU
		{2EB62CA4-D946-4BF8-AEE8-29C034B7130B}.Release|Any CPU.Build.0 = Release|Any CPU
		{AA3ED4CA-43DC-4833-86B0-474C769F41EC}.Debug|Any CPU.ActiveCfg = Debug|Any CPU
		{AA3ED4CA-43DC-4833-86B0-474C769F41EC}.Debug|Any CPU.Build.0 = Debug|Any CPU
		{AA3ED4CA-43DC-4833-86B0-474C769F41EC}.Release|Any CPU.ActiveCfg = Release|Any CPU
		{AA3ED4CA-43DC-4833-86B0-474C769F41EC}.Release|Any CPU.Build.0 = Release|Any CPU
		{343ED491-E2FD-4D14-ACE8-1A0B56F9317A}.Debug|Any CPU.ActiveCfg = Debug|Any CPU
		{343ED491-E2FD-4D14-ACE8-1A0B56F9317A}.Debug|Any CPU.Build.0 = Debug|Any CPU
		{343ED491-E2FD-4D14-ACE8-1A0B56F9317A}.Release|Any CPU.ActiveCfg = Release|Any CPU
		{343ED491-E2FD-4D14-ACE8-1A0B56F9317A}.Release|Any CPU.Build.0 = Release|Any CPU
		{6227E13C-0184-4F6C-9FEE-292F53D0BDC5}.Debug|Any CPU.ActiveCfg = Debug|Any CPU
		{6227E13C-0184-4F6C-9FEE-292F53D0BDC5}.Debug|Any CPU.Build.0 = Debug|Any CPU
		{6227E13C-0184-4F6C-9FEE-292F53D0BDC5}.Release|Any CPU.ActiveCfg = Release|Any CPU
		{6227E13C-0184-4F6C-9FEE-292F53D0BDC5}.Release|Any CPU.Build.0 = Release|Any CPU
	EndGlobalSection
	GlobalSection(SolutionProperties) = preSolution
		HideSolutionNode = FALSE
	EndGlobalSection
	GlobalSection(ExtensibilityGlobals) = postSolution
		SolutionGuid = {B71AA20F-E782-477F-A2CD-CCA874BCE4EB}
	EndGlobalSection
EndGlobal
